// !$*UTF8*$!
{
	archiveVersion = 1;
	classes = {
	};
	objectVersion = 46;
	objects = {

/* Begin PBXBuildFile section */
		FB58AD371A4089E300A30CDE /* Foundation.framework in Frameworks */ = {isa = PBXBuildFile; fileRef = FB58AD361A4089E300A30CDE /* Foundation.framework */; };
		FB58AD391A4089E300A30CDE /* CoreGraphics.framework in Frameworks */ = {isa = PBXBuildFile; fileRef = FB58AD381A4089E300A30CDE /* CoreGraphics.framework */; };
		FB58AD3B1A4089E300A30CDE /* UIKit.framework in Frameworks */ = {isa = PBXBuildFile; fileRef = FB58AD3A1A4089E300A30CDE /* UIKit.framework */; };
		FB58AD411A4089E300A30CDE /* InfoPlist.strings in Resources */ = {isa = PBXBuildFile; fileRef = FB58AD3F1A4089E300A30CDE /* InfoPlist.strings */; };
		FB58AD431A4089E300A30CDE /* main.m in Sources */ = {isa = PBXBuildFile; fileRef = FB58AD421A4089E300A30CDE /* main.m */; };
		FB58AD471A4089E300A30CDE /* AppDelegate.m in Sources */ = {isa = PBXBuildFile; fileRef = FB58AD461A4089E300A30CDE /* AppDelegate.m */; };
		FB58AD4A1A4089E300A30CDE /* Main_iPhone.storyboard in Resources */ = {isa = PBXBuildFile; fileRef = FB58AD481A4089E300A30CDE /* Main_iPhone.storyboard */; };
		FB58AD4D1A4089E300A30CDE /* Main_iPad.storyboard in Resources */ = {isa = PBXBuildFile; fileRef = FB58AD4B1A4089E300A30CDE /* Main_iPad.storyboard */; };
		FB58AD501A4089E300A30CDE /* ViewController.m in Sources */ = {isa = PBXBuildFile; fileRef = FB58AD4F1A4089E300A30CDE /* ViewController.m */; };
		FB58AD521A4089E300A30CDE /* Images.xcassets in Resources */ = {isa = PBXBuildFile; fileRef = FB58AD511A4089E300A30CDE /* Images.xcassets */; };
		FB58AD591A4089E300A30CDE /* XCTest.framework in Frameworks */ = {isa = PBXBuildFile; fileRef = FB58AD581A4089E300A30CDE /* XCTest.framework */; };
		FB58AD5A1A4089E300A30CDE /* Foundation.framework in Frameworks */ = {isa = PBXBuildFile; fileRef = FB58AD361A4089E300A30CDE /* Foundation.framework */; };
		FB58AD5B1A4089E300A30CDE /* UIKit.framework in Frameworks */ = {isa = PBXBuildFile; fileRef = FB58AD3A1A4089E300A30CDE /* UIKit.framework */; };
		FB58AD631A4089E300A30CDE /* InfoPlist.strings in Resources */ = {isa = PBXBuildFile; fileRef = FB58AD611A4089E300A30CDE /* InfoPlist.strings */; };
		FB58AD651A4089E300A30CDE /* ChartsViewDemoTests.m in Sources */ = {isa = PBXBuildFile; fileRef = FB58AD641A4089E300A30CDE /* ChartsViewDemoTests.m */; };
		FB58AD701A408A0500A30CDE /* ChartsView.m in Sources */ = {isa = PBXBuildFile; fileRef = FB58AD6F1A408A0500A30CDE /* ChartsView.m */; };
/* End PBXBuildFile section */

/* Begin PBXContainerItemProxy section */
		FB58AD5C1A4089E300A30CDE /* PBXContainerItemProxy */ = {
			isa = PBXContainerItemProxy;
			containerPortal = FB58AD2B1A4089E300A30CDE /* Project object */;
			proxyType = 1;
			remoteGlobalIDString = FB58AD321A4089E300A30CDE;
			remoteInfo = ChartsViewDemo;
		};
/* End PBXContainerItemProxy section */

/* Begin PBXFileReference section */
		FB58AD331A4089E300A30CDE /* ChartsViewDemo.app */ = {isa = PBXFileReference; explicitFileType = wrapper.application; includeInIndex = 0; path = ChartsViewDemo.app; sourceTree = BUILT_PRODUCTS_DIR; };
		FB58AD361A4089E300A30CDE /* Foundation.framework */ = {isa = PBXFileReference; lastKnownFileType = wrapper.framework; name = Foundation.framework; path = System/Library/Frameworks/Foundation.framework; sourceTree = SDKROOT; };
		FB58AD381A4089E300A30CDE /* CoreGraphics.framework */ = {isa = PBXFileReference; lastKnownFileType = wrapper.framework; name = CoreGraphics.framework; path = System/Library/Frameworks/CoreGraphics.framework; sourceTree = SDKROOT; };
		FB58AD3A1A4089E300A30CDE /* UIKit.framework */ = {isa = PBXFileReference; lastKnownFileType = wrapper.framework; name = UIKit.framework; path = System/Library/Frameworks/UIKit.framework; sourceTree = SDKROOT; };
		FB58AD3E1A4089E300A30CDE /* ChartsViewDemo-Info.plist */ = {isa = PBXFileReference; lastKnownFileType = text.plist.xml; path = "ChartsViewDemo-Info.plist"; sourceTree = "<group>"; };
		FB58AD401A4089E300A30CDE /* en */ = {isa = PBXFileReference; lastKnownFileType = text.plist.strings; name = en; path = en.lproj/InfoPlist.strings; sourceTree = "<group>"; };
		FB58AD421A4089E300A30CDE /* main.m */ = {isa = PBXFileReference; lastKnownFileType = sourcecode.c.objc; path = main.m; sourceTree = "<group>"; };
		FB58AD441A4089E300A30CDE /* ChartsViewDemo-Prefix.pch */ = {isa = PBXFileReference; lastKnownFileType = sourcecode.c.h; path = "ChartsViewDemo-Prefix.pch"; sourceTree = "<group>"; };
		FB58AD451A4089E300A30CDE /* AppDelegate.h */ = {isa = PBXFileReference; lastKnownFileType = sourcecode.c.h; path = AppDelegate.h; sourceTree = "<group>"; };
		FB58AD461A4089E300A30CDE /* AppDelegate.m */ = {isa = PBXFileReference; lastKnownFileType = sourcecode.c.objc; path = AppDelegate.m; sourceTree = "<group>"; };
		FB58AD491A4089E300A30CDE /* Base */ = {isa = PBXFileReference; lastKnownFileType = file.storyboard; name = Base; path = Base.lproj/Main_iPhone.storyboard; sourceTree = "<group>"; };
		FB58AD4C1A4089E300A30CDE /* Base */ = {isa = PBXFileReference; lastKnownFileType = file.storyboard; name = Base; path = Base.lproj/Main_iPad.storyboard; sourceTree = "<group>"; };
		FB58AD4E1A4089E300A30CDE /* ViewController.h */ = {isa = PBXFileReference; lastKnownFileType = sourcecode.c.h; path = ViewController.h; sourceTree = "<group>"; };
		FB58AD4F1A4089E300A30CDE /* ViewController.m */ = {isa = PBXFileReference; lastKnownFileType = sourcecode.c.objc; path = ViewController.m; sourceTree = "<group>"; };
		FB58AD511A4089E300A30CDE /* Images.xcassets */ = {isa = PBXFileReference; lastKnownFileType = folder.assetcatalog; path = Images.xcassets; sourceTree = "<group>"; };
		FB58AD571A4089E300A30CDE /* ChartsViewDemoTests.xctest */ = {isa = PBXFileReference; explicitFileType = wrapper.cfbundle; includeInIndex = 0; path = ChartsViewDemoTests.xctest; sourceTree = BUILT_PRODUCTS_DIR; };
		FB58AD581A4089E300A30CDE /* XCTest.framework */ = {isa = PBXFileReference; lastKnownFileType = wrapper.framework; name = XCTest.framework; path = Library/Frameworks/XCTest.framework; sourceTree = DEVELOPER_DIR; };
		FB58AD601A4089E300A30CDE /* ChartsViewDemoTests-Info.plist */ = {isa = PBXFileReference; lastKnownFileType = text.plist.xml; path = "ChartsViewDemoTests-Info.plist"; sourceTree = "<group>"; };
		FB58AD621A4089E300A30CDE /* en */ = {isa = PBXFileReference; lastKnownFileType = text.plist.strings; name = en; path = en.lproj/InfoPlist.strings; sourceTree = "<group>"; };
		FB58AD641A4089E300A30CDE /* ChartsViewDemoTests.m */ = {isa = PBXFileReference; lastKnownFileType = sourcecode.c.objc; path = ChartsViewDemoTests.m; sourceTree = "<group>"; };
		FB58AD6E1A408A0500A30CDE /* ChartsView.h */ = {isa = PBXFileReference; fileEncoding = 4; lastKnownFileType = sourcecode.c.h; path = ChartsView.h; sourceTree = "<group>"; };
		FB58AD6F1A408A0500A30CDE /* ChartsView.m */ = {isa = PBXFileReference; fileEncoding = 4; lastKnownFileType = sourcecode.c.objc; path = ChartsView.m; sourceTree = "<group>"; };
		FB58AD711A40929000A30CDE /* fix.h */ = {isa = PBXFileReference; lastKnownFileType = sourcecode.c.h; path = fix.h; sourceTree = "<group>"; };
/* End PBXFileReference section */

/* Begin PBXFrameworksBuildPhase section */
		FB58AD301A4089E300A30CDE /* Frameworks */ = {
			isa = PBXFrameworksBuildPhase;
			buildActionMask = 2147483647;
			files = (
				FB58AD391A4089E300A30CDE /* CoreGraphics.framework in Frameworks */,
				FB58AD3B1A4089E300A30CDE /* UIKit.framework in Frameworks */,
				FB58AD371A4089E300A30CDE /* Foundation.framework in Frameworks */,
			);
			runOnlyForDeploymentPostprocessing = 0;
		};
		FB58AD541A4089E300A30CDE /* Frameworks */ = {
			isa = PBXFrameworksBuildPhase;
			buildActionMask = 2147483647;
			files = (
				FB58AD591A4089E300A30CDE /* XCTest.framework in Frameworks */,
				FB58AD5B1A4089E300A30CDE /* UIKit.framework in Frameworks */,
				FB58AD5A1A4089E300A30CDE /* Foundation.framework in Frameworks */,
			);
			runOnlyForDeploymentPostprocessing = 0;
		};
/* End PBXFrameworksBuildPhase section */

/* Begin PBXGroup section */
		FB58AD2A1A4089E300A30CDE = {
			isa = PBXGroup;
			children = (
				FB58AD3C1A4089E300A30CDE /* ChartsViewDemo */,
				FB58AD5E1A4089E300A30CDE /* ChartsViewDemoTests */,
				FB58AD351A4089E300A30CDE /* Frameworks */,
				FB58AD341A4089E300A30CDE /* Products */,
			);
			sourceTree = "<group>";
		};
		FB58AD341A4089E300A30CDE /* Products */ = {
			isa = PBXGroup;
			children = (
				FB58AD331A4089E300A30CDE /* ChartsViewDemo.app */,
				FB58AD571A4089E300A30CDE /* ChartsViewDemoTests.xctest */,
			);
			name = Products;
			sourceTree = "<group>";
		};
		FB58AD351A4089E300A30CDE /* Frameworks */ = {
			isa = PBXGroup;
			children = (
				FB58AD361A4089E300A30CDE /* Foundation.framework */,
				FB58AD381A4089E300A30CDE /* CoreGraphics.framework */,
				FB58AD3A1A4089E300A30CDE /* UIKit.framework */,
				FB58AD581A4089E300A30CDE /* XCTest.framework */,
			);
			name = Frameworks;
			sourceTree = "<group>";
		};
		FB58AD3C1A4089E300A30CDE /* ChartsViewDemo */ = {
			isa = PBXGroup;
			children = (
				FB58AD451A4089E300A30CDE /* AppDelegate.h */,
				FB58AD461A4089E300A30CDE /* AppDelegate.m */,
				FB58AD481A4089E300A30CDE /* Main_iPhone.storyboard */,
				FB58AD4B1A4089E300A30CDE /* Main_iPad.storyboard */,
				FB58AD4E1A4089E300A30CDE /* ViewController.h */,
				FB58AD4F1A4089E300A30CDE /* ViewController.m */,
				FB58AD6E1A408A0500A30CDE /* ChartsView.h */,
				FB58AD6F1A408A0500A30CDE /* ChartsView.m */,
				FB58AD511A4089E300A30CDE /* Images.xcassets */,
				FB58AD3D1A4089E300A30CDE /* Supporting Files */,
			);
			path = ChartsViewDemo;
			sourceTree = "<group>";
		};
		FB58AD3D1A4089E300A30CDE /* Supporting Files */ = {
			isa = PBXGroup;
			children = (
				FB58AD3E1A4089E300A30CDE /* ChartsViewDemo-Info.plist */,
				FB58AD3F1A4089E300A30CDE /* InfoPlist.strings */,
				FB58AD421A4089E300A30CDE /* main.m */,
				FB58AD441A4089E300A30CDE /* ChartsViewDemo-Prefix.pch */,
				FB58AD711A40929000A30CDE /* fix.h */,
			);
			name = "Supporting Files";
			sourceTree = "<group>";
		};
		FB58AD5E1A4089E300A30CDE /* ChartsViewDemoTests */ = {
			isa = PBXGroup;
			children = (
				FB58AD641A4089E300A30CDE /* ChartsViewDemoTests.m */,
				FB58AD5F1A4089E300A30CDE /* Supporting Files */,
			);
			path = ChartsViewDemoTests;
			sourceTree = "<group>";
		};
		FB58AD5F1A4089E300A30CDE /* Supporting Files */ = {
			isa = PBXGroup;
			children = (
				FB58AD601A4089E300A30CDE /* ChartsViewDemoTests-Info.plist */,
				FB58AD611A4089E300A30CDE /* InfoPlist.strings */,
			);
			name = "Supporting Files";
			sourceTree = "<group>";
		};
/* End PBXGroup section */

/* Begin PBXNativeTarget section */
		FB58AD321A4089E300A30CDE /* ChartsViewDemo */ = {
			isa = PBXNativeTarget;
			buildConfigurationList = FB58AD681A4089E300A30CDE /* Build configuration list for PBXNativeTarget "ChartsViewDemo" */;
			buildPhases = (
				FB58AD2F1A4089E300A30CDE /* Sources */,
				FB58AD301A4089E300A30CDE /* Frameworks */,
				FB58AD311A4089E300A30CDE /* Resources */,
			);
			buildRules = (
			);
			dependencies = (
			);
			name = ChartsViewDemo;
			productName = ChartsViewDemo;
			productReference = FB58AD331A4089E300A30CDE /* ChartsViewDemo.app */;
			productType = "com.apple.product-type.application";
		};
		FB58AD561A4089E300A30CDE /* ChartsViewDemoTests */ = {
			isa = PBXNativeTarget;
			buildConfigurationList = FB58AD6B1A4089E300A30CDE /* Build configuration list for PBXNativeTarget "ChartsViewDemoTests" */;
			buildPhases = (
				FB58AD531A4089E300A30CDE /* Sources */,
				FB58AD541A4089E300A30CDE /* Frameworks */,
				FB58AD551A4089E300A30CDE /* Resources */,
			);
			buildRules = (
			);
			dependencies = (
				FB58AD5D1A4089E300A30CDE /* PBXTargetDependency */,
			);
			name = ChartsViewDemoTests;
			productName = ChartsViewDemoTests;
			productReference = FB58AD571A4089E300A30CDE /* ChartsViewDemoTests.xctest */;
			productType = "com.apple.product-type.bundle.unit-test";
		};
/* End PBXNativeTarget section */

/* Begin PBXProject section */
		FB58AD2B1A4089E300A30CDE /* Project object */ = {
			isa = PBXProject;
			attributes = {
				LastUpgradeCheck = 0510;
				ORGANIZATIONNAME = jamalping;
				TargetAttributes = {
					FB58AD561A4089E300A30CDE = {
						TestTargetID = FB58AD321A4089E300A30CDE;
					};
				};
			};
			buildConfigurationList = FB58AD2E1A4089E300A30CDE /* Build configuration list for PBXProject "ChartsViewDemo" */;
			compatibilityVersion = "Xcode 3.2";
			developmentRegion = English;
			hasScannedForEncodings = 0;
			knownRegions = (
				en,
				Base,
			);
			mainGroup = FB58AD2A1A4089E300A30CDE;
			productRefGroup = FB58AD341A4089E300A30CDE /* Products */;
			projectDirPath = "";
			projectRoot = "";
			targets = (
				FB58AD321A4089E300A30CDE /* ChartsViewDemo */,
				FB58AD561A4089E300A30CDE /* ChartsViewDemoTests */,
			);
		};
/* End PBXProject section */

/* Begin PBXResourcesBuildPhase section */
		FB58AD311A4089E300A30CDE /* Resources */ = {
			isa = PBXResourcesBuildPhase;
			buildActionMask = 2147483647;
			files = (
				FB58AD4D1A4089E300A30CDE /* Main_iPad.storyboard in Resources */,
				FB58AD521A4089E300A30CDE /* Images.xcassets in Resources */,
				FB58AD4A1A4089E300A30CDE /* Main_iPhone.storyboard in Resources */,
				FB58AD411A4089E300A30CDE /* InfoPlist.strings in Resources */,
			);
			runOnlyForDeploymentPostprocessing = 0;
		};
		FB58AD551A4089E300A30CDE /* Resources */ = {
			isa = PBXResourcesBuildPhase;
			buildActionMask = 2147483647;
			files = (
				FB58AD631A4089E300A30CDE /* InfoPlist.strings in Resources */,
			);
			runOnlyForDeploymentPostprocessing = 0;
		};
/* End PBXResourcesBuildPhase section */

/* Begin PBXSourcesBuildPhase section */
		FB58AD2F1A4089E300A30CDE /* Sources */ = {
			isa = PBXSourcesBuildPhase;
			buildActionMask = 2147483647;
			files = (
				FB58AD501A4089E300A30CDE /* ViewController.m in Sources */,
				FB58AD471A4089E300A30CDE /* AppDelegate.m in Sources */,
				FB58AD431A4089E300A30CDE /* main.m in Sources */,
				FB58AD701A408A0500A30CDE /* ChartsView.m in Sources */,
			);
			runOnlyForDeploymentPostprocessing = 0;
		};
		FB58AD531A4089E300A30CDE /* Sources */ = {
			isa = PBXSourcesBuildPhase;
			buildActionMask = 2147483647;
			files = (
				FB58AD651A4089E300A30CDE /* ChartsViewDemoTests.m in Sources */,
			);
			runOnlyForDeploymentPostprocessing = 0;
		};
/* End PBXSourcesBuildPhase section */

/* Begin PBXTargetDependency section */
		FB58AD5D1A4089E300A30CDE /* PBXTargetDependency */ = {
			isa = PBXTargetDependency;
			target = FB58AD321A4089E300A30CDE /* ChartsViewDemo */;
			targetProxy = FB58AD5C1A4089E300A30CDE /* PBXContainerItemProxy */;
		};
/* End PBXTargetDependency section */

/* Begin PBXVariantGroup section */
		FB58AD3F1A4089E300A30CDE /* InfoPlist.strings */ = {
			isa = PBXVariantGroup;
			children = (
				FB58AD401A4089E300A30CDE /* en */,
			);
			name = InfoPlist.strings;
			sourceTree = "<group>";
		};
		FB58AD481A4089E300A30CDE /* Main_iPhone.storyboard */ = {
			isa = PBXVariantGroup;
			children = (
				FB58AD491A4089E300A30CDE /* Base */,
			);
			name = Main_iPhone.storyboard;
			sourceTree = "<group>";
		};
		FB58AD4B1A4089E300A30CDE /* Main_iPad.storyboard */ = {
			isa = PBXVariantGroup;
			children = (
				FB58AD4C1A4089E300A30CDE /* Base */,
			);
			name = Main_iPad.storyboard;
			sourceTree = "<group>";
		};
		FB58AD611A4089E300A30CDE /* InfoPlist.strings */ = {
			isa = PBXVariantGroup;
			children = (
				FB58AD621A4089E300A30CDE /* en */,
			);
			name = InfoPlist.strings;
			sourceTree = "<group>";
		};
/* End PBXVariantGroup section */

/* Begin XCBuildConfiguration section */
		FB58AD661A4089E300A30CDE /* Debug */ = {
			isa = XCBuildConfiguration;
			buildSettings = {
				ALWAYS_SEARCH_USER_PATHS = NO;
				CLANG_CXX_LANGUAGE_STANDARD = "gnu++0x";
				CLANG_CXX_LIBRARY = "libc++";
				CLANG_ENABLE_MODULES = YES;
				CLANG_ENABLE_OBJC_ARC = YES;
				CLANG_WARN_BOOL_CONVERSION = YES;
				CLANG_WARN_CONSTANT_CONVERSION = YES;
				CLANG_WARN_DIRECT_OBJC_ISA_USAGE = YES_ERROR;
				CLANG_WARN_EMPTY_BODY = YES;
				CLANG_WARN_ENUM_CONVERSION = YES;
				CLANG_WARN_INT_CONVERSION = YES;
				CLANG_WARN_OBJC_ROOT_CLASS = YES_ERROR;
				CLANG_WARN__DUPLICATE_METHOD_MATCH = YES;
				"CODE_SIGN_IDENTITY[sdk=iphoneos*]" = "iPhone Developer";
				COPY_PHASE_STRIP = NO;
				GCC_C_LANGUAGE_STANDARD = gnu99;
				GCC_DYNAMIC_NO_PIC = NO;
				GCC_OPTIMIZATION_LEVEL = 0;
				GCC_PREPROCESSOR_DEFINITIONS = (
					"DEBUG=1",
					"$(inherited)",
				);
				GCC_SYMBOLS_PRIVATE_EXTERN = NO;
				GCC_WARN_64_TO_32_BIT_CONVERSION = YES;
				GCC_WARN_ABOUT_RETURN_TYPE = YES_ERROR;
				GCC_WARN_UNDECLARED_SELECTOR = YES;
				GCC_WARN_UNINITIALIZED_AUTOS = YES_AGGRESSIVE;
				GCC_WARN_UNUSED_FUNCTION = YES;
				GCC_WARN_UNUSED_VARIABLE = YES;
				IPHONEOS_DEPLOYMENT_TARGET = 7.1;
				ONLY_ACTIVE_ARCH = YES;
				SDKROOT = iphoneos;
				TARGETED_DEVICE_FAMILY = "1,2";
			};
			name = Debug;
		};
		FB58AD671A4089E300A30CDE /* Release */ = {
			isa = XCBuildConfiguration;
			buildSettings = {
				ALWAYS_SEARCH_USER_PATHS = NO;
				CLANG_CXX_LANGUAGE_STANDARD = "gnu++0x";
				CLANG_CXX_LIBRARY = "libc++";
				CLANG_ENABLE_MODULES = YES;
				CLANG_ENABLE_OBJC_ARC = YES;
				CLANG_WARN_BOOL_CONVERSION = YES;
				CLANG_WARN_CONSTANT_CONVERSION = YES;
				CLANG_WARN_DIRECT_OBJC_ISA_USAGE = YES_ERROR;
				CLANG_WARN_EMPTY_BODY = YES;
				CLANG_WARN_ENUM_CONVERSION = YES;
				CLANG_WARN_INT_CONVERSION = YES;
				CLANG_WARN_OBJC_ROOT_CLASS = YES_ERROR;
				CLANG_WARN__DUPLICATE_METHOD_MATCH = YES;
				"CODE_SIGN_IDENTITY[sdk=iphoneos*]" = "iPhone Developer";
				COPY_PHASE_STRIP = YES;
				ENABLE_NS_ASSERTIONS = NO;
				GCC_C_LANGUAGE_STANDARD = gnu99;
				GCC_WARN_64_TO_32_BIT_CONVERSION = YES;
				GCC_WARN_ABOUT_RETURN_TYPE = YES_ERROR;
				GCC_WARN_UNDECLARED_SELECTOR = YES;
				GCC_WARN_UNINITIALIZED_AUTOS = YES_AGGRESSIVE;
				GCC_WARN_UNUSED_FUNCTION = YES;
				GCC_WARN_UNUSED_VARIABLE = YES;
				IPHONEOS_DEPLOYMENT_TARGET = 7.1;
				SDKROOT = iphoneos;
				TARGETED_DEVICE_FAMILY = "1,2";
				VALIDATE_PRODUCT = YES;
			};
			name = Release;
		};
		FB58AD691A4089E300A30CDE /* Debug */ = {
			isa = XCBuildConfiguration;
			buildSettings = {
				ASSETCATALOG_COMPILER_APPICON_NAME = AppIcon;
				ASSETCATALOG_COMPILER_LAUNCHIMAGE_NAME = LaunchImage;
				GCC_PRECOMPILE_PREFIX_HEADER = YES;
				GCC_PREFIX_HEADER = "ChartsViewDemo/ChartsViewDemo-Prefix.pch";
				INFOPLIST_FILE = "ChartsViewDemo/ChartsViewDemo-Info.plist";
				PRODUCT_NAME = "$(TARGET_NAME)";
				WRAPPER_EXTENSION = app;
			};
			name = Debug;
		};
		FB58AD6A1A4089E300A30CDE /* Release */ = {
			isa = XCBuildConfiguration;
			buildSettings = {
				ASSETCATALOG_COMPILER_APPICON_NAME = AppIcon;
				ASSETCATALOG_COMPILER_LAUNCHIMAGE_NAME = LaunchImage;
				GCC_PRECOMPILE_PREFIX_HEADER = YES;
				GCC_PREFIX_HEADER = "ChartsViewDemo/ChartsViewDemo-Prefix.pch";
				INFOPLIST_FILE = "ChartsViewDemo/ChartsViewDemo-Info.plist";
				PRODUCT_NAME = "$(TARGET_NAME)";
				WRAPPER_EXTENSION = app;
			};
			name = Release;
		};
		FB58AD6C1A4089E300A30CDE /* Debug */ = {
			isa = XCBuildConfiguration;
			buildSettings = {
				BUNDLE_LOADER = "$(BUILT_PRODUCTS_DIR)/ChartsViewDemo.app/ChartsViewDemo";
				FRAMEWORK_SEARCH_PATHS = (
					"$(SDKROOT)/Developer/Library/Frameworks",
					"$(inherited)",
					"$(DEVELOPER_FRAMEWORKS_DIR)",
				);
				GCC_PRECOMPILE_PREFIX_HEADER = YES;
				GCC_PREFIX_HEADER = "ChartsViewDemo/ChartsViewDemo-Prefix.pch";
				GCC_PREPROCESSOR_DEFINITIONS = (
					"DEBUG=1",
					"$(inherited)",
				);
				INFOPLIST_FILE = "ChartsViewDemoTests/ChartsViewDemoTests-Info.plist";
				PRODUCT_NAME = "$(TARGET_NAME)";
				TEST_HOST = "$(BUNDLE_LOADER)";
				WRAPPER_EXTENSION = xctest;
			};
			name = Debug;
		};
		FB58AD6D1A4089E300A30CDE /* Release */ = {
			isa = XCBuildConfiguration;
			buildSettings = {
				BUNDLE_LOADER = "$(BUILT_PRODUCTS_DIR)/ChartsViewDemo.app/ChartsViewDemo";
				FRAMEWORK_SEARCH_PATHS = (
					"$(SDKROOT)/Developer/Library/Frameworks",
					"$(inherited)",
					"$(DEVELOPER_FRAMEWORKS_DIR)",
				);
				GCC_PRECOMPILE_PREFIX_HEADER = YES;
				GCC_PREFIX_HEADER = "ChartsViewDemo/ChartsViewDemo-Prefix.pch";
				INFOPLIST_FILE = "ChartsViewDemoTests/ChartsViewDemoTests-Info.plist";
				PRODUCT_NAME = "$(TARGET_NAME)";
				TEST_HOST = "$(BUNDLE_LOADER)";
				WRAPPER_EXTENSION = xctest;
			};
			name = Release;
		};
/* End XCBuildConfiguration section */

/* Begin XCConfigurationList section */
		FB58AD2E1A4089E300A30CDE /* Build configuration list for PBXProject "ChartsViewDemo" */ = {
			isa = XCConfigurationList;
			buildConfigurations = (
				FB58AD661A4089E300A30CDE /* Debug */,
				FB58AD671A4089E300A30CDE /* Release */,
			);
			defaultConfigurationIsVisible = 0;
			defaultConfigurationName = Release;
		};
		FB58AD681A4089E300A30CDE /* Build configuration list for PBXNativeTarget "ChartsViewDemo" */ = {
			isa = XCConfigurationList;
			buildConfigurations = (
				FB58AD691A4089E300A30CDE /* Debug */,
				FB58AD6A1A4089E300A30CDE /* Release */,
			);
			defaultConfigurationIsVisible = 0;
		};
		FB58AD6B1A4089E300A30CDE /* Build configuration list for PBXNativeTarget "ChartsViewDemoTests" */ = {
			isa = XCConfigurationList;
			buildConfigurations = (
				FB58AD6C1A4089E300A30CDE /* Debug */,
				FB58AD6D1A4089E300A30CDE /* Release */,
			);
			defaultConfigurationIsVisible = 0;
		};
/* End XCConfigurationList section */
	};
	rootObject = FB58AD2B1A4089E300A30CDE /* Project object */;
}
